
Microsoft Visual Studio Solution File, Format Version 12.00
# Visual Studio Version 16
VisualStudioVersion = 16.0.30114.105
MinimumVisualStudioVersion = 10.0.40219.1
Project("{FAE04EC0-301F-11D3-BF4B-00C04F79EFBC}") = "OlaMundo", "OlaMundo\OlaMundo.csproj", "{BFD4816F-D0AA-42FD-961A-26A1E492CBBF}"
EndProject
Project("{FAE04EC0-301F-11D3-BF4B-00C04F79EFBC}") = "Argumentos", "Argumentos\Argumentos.csproj", "{6FA30FC2-367C-491B-9135-05C954A1AD60}"
EndProject
Project("{FAE04EC0-301F-11D3-BF4B-00C04F79EFBC}") = "TiposVarios", "TiposVarios\TiposVarios.csproj", "{0E31057A-7FE7-4641-903B-9CF538F0FBDA}"
EndProject
Project("{FAE04EC0-301F-11D3-BF4B-00C04F79EFBC}") = "VariasStrings", "VariasStrings\VariasStrings.csproj", "{7A0A4581-7669-44AD-A9C6-129E16AC842C}"
EndProject
Global
	GlobalSection(SolutionConfigurationPlatforms) = preSolution
		Debug|Any CPU = Debug|Any CPU
		Release|Any CPU = Release|Any CPU
	EndGlobalSection
	GlobalSection(SolutionProperties) = preSolution
		HideSolutionNode = FALSE
	EndGlobalSection
	GlobalSection(ProjectConfigurationPlatforms) = postSolution
		{BFD4816F-D0AA-42FD-961A-26A1E492CBBF}.Debug|Any CPU.ActiveCfg = Debug|Any CPU
		{BFD4816F-D0AA-42FD-961A-26A1E492CBBF}.Debug|Any CPU.Build.0 = Debug|Any CPU
		{BFD4816F-D0AA-42FD-961A-26A1E492CBBF}.Release|Any CPU.ActiveCfg = Release|Any CPU
		{BFD4816F-D0AA-42FD-961A-26A1E492CBBF}.Release|Any CPU.Build.0 = Release|Any CPU
		{6FA30FC2-367C-491B-9135-05C954A1AD60}.Debug|Any CPU.ActiveCfg = Debug|Any CPU
		{6FA30FC2-367C-491B-9135-05C954A1AD60}.Debug|Any CPU.Build.0 = Debug|Any CPU
		{6FA30FC2-367C-491B-9135-05C954A1AD60}.Release|Any CPU.ActiveCfg = Release|Any CPU
		{6FA30FC2-367C-491B-9135-05C954A1AD60}.Release|Any CPU.Build.0 = Release|Any CPU
		{0E31057A-7FE7-4641-903B-9CF538F0FBDA}.Debug|Any CPU.ActiveCfg = Debug|Any CPU
		{0E31057A-7FE7-4641-903B-9CF538F0FBDA}.Debug|Any CPU.Build.0 = Debug|Any CPU
		{0E31057A-7FE7-4641-903B-9CF538F0FBDA}.Release|Any CPU.ActiveCfg = Release|Any CPU
		{0E31057A-7FE7-4641-903B-9CF538F0FBDA}.Release|Any CPU.Build.0 = Release|Any CPU
		{7A0A4581-7669-44AD-A9C6-129E16AC842C}.Debug|Any CPU.ActiveCfg = Debug|Any CPU
		{7A0A4581-7669-44AD-A9C6-129E16AC842C}.Debug|Any CPU.Build.0 = Debug|Any CPU
		{7A0A4581-7669-44AD-A9C6-129E16AC842C}.Release|Any CPU.ActiveCfg = Release|Any CPU
		{7A0A4581-7669-44AD-A9C6-129E16AC842C}.Release|Any CPU.Build.0 = Release|Any CPU
	EndGlobalSection
EndGlobal
